
Microsoft Visual Studio Solution File, Format Version 12.00
# Visual Studio Version 16
VisualStudioVersion = 16.0.30711.63
MinimumVisualStudioVersion = 10.0.40219.1
Project("{FAE04EC0-301F-11D3-BF4B-00C04F79EFBC}") = "dockeraspnetcore", "dockeraspnetcore.csproj", "{062D954D-7D6E-4258-9E7A-8450930BFB05}"
EndProject
Global
	GlobalSection(SolutionConfigurationPlatforms) = preSolution
		Debug|Any CPU = Debug|Any CPU
		Release|Any CPU = Release|Any CPU
	EndGlobalSection
	GlobalSection(ProjectConfigurationPlatforms) = postSolution
		{062D954D-7D6E-4258-9E7A-8450930BFB05}.Debug|Any CPU.ActiveCfg = Debug|Any CPU
		{062D954D-7D6E-4258-9E7A-8450930BFB05}.Debug|Any CPU.Build.0 = Debug|Any CPU
		{062D954D-7D6E-4258-9E7A-8450930BFB05}.Release|Any CPU.ActiveCfg = Release|Any CPU
		{062D954D-7D6E-4258-9E7A-8450930BFB05}.Release|Any CPU.Build.0 = Release|Any CPU
	EndGlobalSection
	GlobalSection(SolutionProperties) = preSolution
		HideSolutionNode = FALSE
	EndGlobalSection
	GlobalSection(ExtensibilityGlobals) = postSolution
		SolutionGuid = {237DD7F5-FC57-4BCA-A29B-CCCBB1880A2C}
	EndGlobalSection
EndGlobal
